
Microsoft Visual Studio Solution File, Format Version 12.00
# Visual Studio 2012
Project("{FAE04EC0-301F-11D3-BF4B-00C04F79EFBC}") = "GunzDecompiler", "GunzDecompiler.csproj", "{17B862ED-C8D1-4F2B-8765-845A38D8193B}"
EndProject
Global
	GlobalSection(SolutionConfigurationPlatforms) = preSolution
		Debug|Any CPU = Debug|Any CPU
		Release|Any CPU = Release|Any CPU
	EndGlobalSection
	GlobalSection(ProjectConfigurationPlatforms) = postSolution
		{17B862ED-C8D1-4F2B-8765-845A38D8193B}.Debug|Any CPU.ActiveCfg = Debug|Any CPU
		{17B862ED-C8D1-4F2B-8765-845A38D8193B}.Debug|Any CPU.Build.0 = Debug|Any CPU
		{17B862ED-C8D1-4F2B-8765-845A38D8193B}.Release|Any CPU.ActiveCfg = Release|Any CPU
		{17B862ED-C8D1-4F2B-8765-845A38D8193B}.Release|Any CPU.Build.0 = Release|Any CPU
	EndGlobalSection
	GlobalSection(SolutionProperties) = preSolution
		HideSolutionNode = FALSE
	EndGlobalSection
EndGlobal
